
Microsoft Visual Studio Solution File, Format Version 12.00
# Visual Studio Version 17
VisualStudioVersion = 17.9.34714.143
MinimumVisualStudioVersion = 10.0.40219.1
Project("{FAE04EC0-301F-11D3-BF4B-00C04F79EFBC}") = "QuanLyBanHangNhom1", "QuanLyBanHangNhom1\QuanLyBanHangNhom1.csproj", "{4802FC6B-A156-4A51-89FC-5F69C456AF03}"
EndProject
Global
	GlobalSection(SolutionConfigurationPlatforms) = preSolution
		Debug|Any CPU = Debug|Any CPU
		Release|Any CPU = Release|Any CPU
	EndGlobalSection
	GlobalSection(ProjectConfigurationPlatforms) = postSolution
		{4802FC6B-A156-4A51-89FC-5F69C456AF03}.Debug|Any CPU.ActiveCfg = Debug|Any CPU
		{4802FC6B-A156-4A51-89FC-5F69C456AF03}.Debug|Any CPU.Build.0 = Debug|Any CPU
		{4802FC6B-A156-4A51-89FC-5F69C456AF03}.Release|Any CPU.ActiveCfg = Release|Any CPU
		{4802FC6B-A156-4A51-89FC-5F69C456AF03}.Release|Any CPU.Build.0 = Release|Any CPU
	EndGlobalSection
	GlobalSection(SolutionProperties) = preSolution
		HideSolutionNode = FALSE
	EndGlobalSection
	GlobalSection(ExtensibilityGlobals) = postSolution
		SolutionGuid = {8C5EADF3-EBF9-464C-9C79-8F476CD77699}
	EndGlobalSection
EndGlobal
